
Microsoft Visual Studio Solution File, Format Version 12.00
# Visual Studio Version 17
VisualStudioVersion = 17.3.32922.545
MinimumVisualStudioVersion = 10.0.40219.1
Project("{FAE04EC0-301F-11D3-BF4B-00C04F79EFBC}") = "Lab 1", "Lab 1\Lab 1.csproj", "{2D5965CF-D0CB-4A3E-9CDD-44B15DD97A34}"
EndProject
Project("{FAE04EC0-301F-11D3-BF4B-00C04F79EFBC}") = "DGYlanguage", "DGYlanguage\DGYlanguage.csproj", "{75733089-4909-4034-A0F4-C993CFE717C0}"
EndProject
Global
	GlobalSection(SolutionConfigurationPlatforms) = preSolution
		Debug|Any CPU = Debug|Any CPU
		Release|Any CPU = Release|Any CPU
	EndGlobalSection
	GlobalSection(ProjectConfigurationPlatforms) = postSolution
		{2D5965CF-D0CB-4A3E-9CDD-44B15DD97A34}.Debug|Any CPU.ActiveCfg = Debug|Any CPU
		{2D5965CF-D0CB-4A3E-9CDD-44B15DD97A34}.Debug|Any CPU.Build.0 = Debug|Any CPU
		{2D5965CF-D0CB-4A3E-9CDD-44B15DD97A34}.Release|Any CPU.ActiveCfg = Release|Any CPU
		{2D5965CF-D0CB-4A3E-9CDD-44B15DD97A34}.Release|Any CPU.Build.0 = Release|Any CPU
		{75733089-4909-4034-A0F4-C993CFE717C0}.Debug|Any CPU.ActiveCfg = Debug|Any CPU
		{75733089-4909-4034-A0F4-C993CFE717C0}.Debug|Any CPU.Build.0 = Debug|Any CPU
		{75733089-4909-4034-A0F4-C993CFE717C0}.Release|Any CPU.ActiveCfg = Release|Any CPU
		{75733089-4909-4034-A0F4-C993CFE717C0}.Release|Any CPU.Build.0 = Release|Any CPU
	EndGlobalSection
	GlobalSection(SolutionProperties) = preSolution
		HideSolutionNode = FALSE
	EndGlobalSection
	GlobalSection(ExtensibilityGlobals) = postSolution
		SolutionGuid = {21547B52-3C64-4D47-BB80-54F320DD86B4}
	EndGlobalSection
EndGlobal
